
Microsoft Visual Studio Solution File, Format Version 12.00
# Visual Studio 15
Project("{FAE04EC0-301F-11D3-BF4B-00C04F79EFBC}") = "PhotonUnityNetworking.Demos", "PhotonUnityNetworking.Demos.csproj", "{541CE2FD-5F93-BF13-2154-AE2C5A7195C5}"
EndProject
Project("{FAE04EC0-301F-11D3-BF4B-00C04F79EFBC}") = "PhotonUnityNetworking.Utilities", "PhotonUnityNetworking.Utilities.csproj", "{2237CA6B-167E-7D7E-F793-907010C295FC}"
EndProject
Project("{FAE04EC0-301F-11D3-BF4B-00C04F79EFBC}") = "PhotonChat", "PhotonChat.csproj", "{36E12BF6-5879-C449-5EF6-85AA0F322C17}"
EndProject
Project("{FAE04EC0-301F-11D3-BF4B-00C04F79EFBC}") = "Assembly-CSharp", "Assembly-CSharp.csproj", "{17533FA3-357A-CEC6-ED1C-9FA92629C572}"
EndProject
Project("{FAE04EC0-301F-11D3-BF4B-00C04F79EFBC}") = "PhotonUnityNetworking", "PhotonUnityNetworking.csproj", "{09B967DC-2425-2C7C-787C-5A46ABA2CC59}"
EndProject
Project("{FAE04EC0-301F-11D3-BF4B-00C04F79EFBC}") = "PhotonRealtime", "PhotonRealtime.csproj", "{54739935-8931-3D3C-3DB2-93F2F04BBC40}"
EndProject
Project("{FAE04EC0-301F-11D3-BF4B-00C04F79EFBC}") = "PhotonUnityNetworking.Editor", "PhotonUnityNetworking.Editor.csproj", "{EC7ED248-5F70-46A9-238F-54451C92D502}"
EndProject
Project("{FAE04EC0-301F-11D3-BF4B-00C04F79EFBC}") = "PunDemos.DemoHubEditor", "PunDemos.DemoHubEditor.csproj", "{FA414A97-1D2F-AAEB-CB0B-BEC6F42D86F1}"
EndProject
Project("{FAE04EC0-301F-11D3-BF4B-00C04F79EFBC}") = "PhotonUnityNetworking.Utilities.PhotonPlayer.Editor", "PhotonUnityNetworking.Utilities.PhotonPlayer.Editor.csproj", "{4585A733-390C-7647-BD9E-D6ADFC66A326}"
EndProject
Project("{FAE04EC0-301F-11D3-BF4B-00C04F79EFBC}") = "PhotonUnityNetworking.Utilities.Culling.Editor", "PhotonUnityNetworking.Utilities.Culling.Editor.csproj", "{86E66738-E7CC-92C2-55AA-B959798335B3}"
EndProject
Project("{FAE04EC0-301F-11D3-BF4B-00C04F79EFBC}") = "PunDemos.DemoSlotcarEditor", "PunDemos.DemoSlotcarEditor.csproj", "{35235441-942A-35D4-D3FC-35964D6EB762}"
EndProject
Global
	GlobalSection(SolutionConfigurationPlatforms) = preSolution
		Debug|Any CPU = Debug|Any CPU
		Release|Any CPU = Release|Any CPU
	EndGlobalSection
	GlobalSection(ProjectConfigurationPlatforms) = postSolution
		{541CE2FD-5F93-BF13-2154-AE2C5A7195C5}.Debug|Any CPU.ActiveCfg = Debug|Any CPU
		{541CE2FD-5F93-BF13-2154-AE2C5A7195C5}.Debug|Any CPU.Build.0 = Debug|Any CPU
		{541CE2FD-5F93-BF13-2154-AE2C5A7195C5}.Release|Any CPU.ActiveCfg = Release|Any CPU
		{541CE2FD-5F93-BF13-2154-AE2C5A7195C5}.Release|Any CPU.Build.0 = Release|Any CPU
		{2237CA6B-167E-7D7E-F793-907010C295FC}.Debug|Any CPU.ActiveCfg = Debug|Any CPU
		{2237CA6B-167E-7D7E-F793-907010C295FC}.Debug|Any CPU.Build.0 = Debug|Any CPU
		{2237CA6B-167E-7D7E-F793-907010C295FC}.Release|Any CPU.ActiveCfg = Release|Any CPU
		{2237CA6B-167E-7D7E-F793-907010C295FC}.Release|Any CPU.Build.0 = Release|Any CPU
		{36E12BF6-5879-C449-5EF6-85AA0F322C17}.Debug|Any CPU.ActiveCfg = Debug|Any CPU
		{36E12BF6-5879-C449-5EF6-85AA0F322C17}.Debug|Any CPU.Build.0 = Debug|Any CPU
		{36E12BF6-5879-C449-5EF6-85AA0F322C17}.Release|Any CPU.ActiveCfg = Release|Any CPU
		{36E12BF6-5879-C449-5EF6-85AA0F322C17}.Release|Any CPU.Build.0 = Release|Any CPU
		{17533FA3-357A-CEC6-ED1C-9FA92629C572}.Debug|Any CPU.ActiveCfg = Debug|Any CPU
		{17533FA3-357A-CEC6-ED1C-9FA92629C572}.Debug|Any CPU.Build.0 = Debug|Any CPU
		{17533FA3-357A-CEC6-ED1C-9FA92629C572}.Release|Any CPU.ActiveCfg = Release|Any CPU
		{17533FA3-357A-CEC6-ED1C-9FA92629C572}.Release|Any CPU.Build.0 = Release|Any CPU
		{09B967DC-2425-2C7C-787C-5A46ABA2CC59}.Debug|Any CPU.ActiveCfg = Debug|Any CPU
		{09B967DC-2425-2C7C-787C-5A46ABA2CC59}.Debug|Any CPU.Build.0 = Debug|Any CPU
		{09B967DC-2425-2C7C-787C-5A46ABA2CC59}.Release|Any CPU.ActiveCfg = Release|Any CPU
		{09B967DC-2425-2C7C-787C-5A46ABA2CC59}.Release|Any CPU.Build.0 = Release|Any CPU
		{54739935-8931-3D3C-3DB2-93F2F04BBC40}.Debug|Any CPU.ActiveCfg = Debug|Any CPU
		{54739935-8931-3D3C-3DB2-93F2F04BBC40}.Debug|Any CPU.Build.0 = Debug|Any CPU
		{54739935-8931-3D3C-3DB2-93F2F04BBC40}.Release|Any CPU.ActiveCfg = Release|Any CPU
		{54739935-8931-3D3C-3DB2-93F2F04BBC40}.Release|Any CPU.Build.0 = Release|Any CPU
		{EC7ED248-5F70-46A9-238F-54451C92D502}.Debug|Any CPU.ActiveCfg = Debug|Any CPU
		{EC7ED248-5F70-46A9-238F-54451C92D502}.Debug|Any CPU.Build.0 = Debug|Any CPU
		{EC7ED248-5F70-46A9-238F-54451C92D502}.Release|Any CPU.ActiveCfg = Release|Any CPU
		{EC7ED248-5F70-46A9-238F-54451C92D502}.Release|Any CPU.Build.0 = Release|Any CPU
		{FA414A97-1D2F-AAEB-CB0B-BEC6F42D86F1}.Debug|Any CPU.ActiveCfg = Debug|Any CPU
		{FA414A97-1D2F-AAEB-CB0B-BEC6F42D86F1}.Debug|Any CPU.Build.0 = Debug|Any CPU
		{FA414A97-1D2F-AAEB-CB0B-BEC6F42D86F1}.Release|Any CPU.ActiveCfg = Release|Any CPU
		{FA414A97-1D2F-AAEB-CB0B-BEC6F42D86F1}.Release|Any CPU.Build.0 = Release|Any CPU
		{4585A733-390C-7647-BD9E-D6ADFC66A326}.Debug|Any CPU.ActiveCfg = Debug|Any CPU
		{4585A733-390C-7647-BD9E-D6ADFC66A326}.Debug|Any CPU.Build.0 = Debug|Any CPU
		{4585A733-390C-7647-BD9E-D6ADFC66A326}.Release|Any CPU.ActiveCfg = Release|Any CPU
		{4585A733-390C-7647-BD9E-D6ADFC66A326}.Release|Any CPU.Build.0 = Release|Any CPU
		{86E66738-E7CC-92C2-55AA-B959798335B3}.Debug|Any CPU.ActiveCfg = Debug|Any CPU
		{86E66738-E7CC-92C2-55AA-B959798335B3}.Debug|Any CPU.Build.0 = Debug|Any CPU
		{86E66738-E7CC-92C2-55AA-B959798335B3}.Release|Any CPU.ActiveCfg = Release|Any CPU
		{86E66738-E7CC-92C2-55AA-B959798335B3}.Release|Any CPU.Build.0 = Release|Any CPU
		{35235441-942A-35D4-D3FC-35964D6EB762}.Debug|Any CPU.ActiveCfg = Debug|Any CPU
		{35235441-942A-35D4-D3FC-35964D6EB762}.Debug|Any CPU.Build.0 = Debug|Any CPU
		{35235441-942A-35D4-D3FC-35964D6EB762}.Release|Any CPU.ActiveCfg = Release|Any CPU
		{35235441-942A-35D4-D3FC-35964D6EB762}.Release|Any CPU.Build.0 = Release|Any CPU
	EndGlobalSection
	GlobalSection(SolutionProperties) = preSolution
		HideSolutionNode = FALSE
	EndGlobalSection
EndGlobal
